lockfileVersion: "9.0"

settings:
  autoInstallPeers: true
  excludeLinksFromLockfile: false

importers:
  .:
    dependencies:
      "@masx200/dns-over-https-node":
        specifier: ^1.0.0
        version: 1.0.0
      "@types/node":
        specifier: ^25.0.3
        version: 25.0.3
      cookie:
        specifier: ^1.1.1
        version: 1.1.1
      ipify:
        specifier: ^7.0.0
        version: 7.0.0
      js-yaml:
        specifier: ^4.1.1
        version: 4.1.1
      undici:
        specifier: ^7.16.0
        version: 7.16.0
      yaml:
        specifier: ^2.8.2
        version: 2.8.2

packages:
  "@leichtgewicht/ip-codec@2.0.5":
    resolution: {
      integrity: sha512-Vo+PSpZG2/fmgmiNzYK9qWRh8h/CHrwD0mo1h1DzL4yzHNSfWYujGTYsWGreD000gcgmZ7K4Ys6Tx9TxtsKdDw==,
    }

  "@masx200/dns-over-https-node@1.0.0":
    resolution: {
      integrity: sha512-HKQYhpXjATYErwBh3Won2KLgislyfH98DEfHnqclyGGnaRCHUeRDS2BWrKSRkT09IOEf7mCWrDBIMNmlNsyHGA==,
    }

  "@types/node@25.0.3":
    resolution: {
      integrity: sha512-W609buLVRVmeW693xKfzHeIV6nJGGz98uCPfeXI1ELMLXVeKYZ9m15fAMSaUPBHYLGFsVRcMmSCksQOrZV9BYA==,
    }

  argparse@2.0.1:
    resolution: {
      integrity: sha512-8+9WqebbFzpX9OR+Wa6O29asIogeRMzcGtAINdpMHHyAg10f05aSFVBbcEqGf/PXw1EjAZ+q2/bEBg3DvurK3Q==,
    }

  base64url@3.0.1:
    resolution: {
      integrity: sha512-ir1UPr3dkwexU7FdV8qBBbNDRUhMmIekYMFZfi+C/sLNnRESKPl23nB9b2pltqfOQNnGzsDdId90AEtG5tCx4A==,
    }
    engines: { node: ">=6.0.0" }

  cookie@1.1.1:
    resolution: {
      integrity: sha512-ei8Aos7ja0weRpFzJnEA9UHJ/7XQmqglbRwnf2ATjcB9Wq874VKH9kfjjirM6UhU2/E5fFYadylyhFldcqSidQ==,
    }
    engines: { node: ">=18" }

  dns-packet@5.6.1:
    resolution: {
      integrity: sha512-l4gcSouhcgIKRvyy99RNVOgxXiicE+2jZoNmaNmZ6JXiGajBOJAesk1OBlJuM5k2c+eudGdLxDqXuPCKIj6kpw==,
    }
    engines: { node: ">=6" }

  ipify@7.0.0:
    resolution: {
      integrity: sha512-H8CqGnJiFGcwIdn9k7vqc4vA3MHWWt/MelArQiH2Yoz5QLps6Tb7jrLAm127dDOtWsqKdHzpSOmwTR6A9Wll8g==,
    }
    engines: { node: ">=20" }

  js-yaml@4.1.1:
    resolution: {
      integrity: sha512-qQKT4zQxXl8lLwBtHMWwaTcGfFOZviOJet3Oy/xmGk2gZH677CJM9EvtfdSkgWcATZhj/55JZ0rmy3myCT5lsA==,
    }
    hasBin: true

  undici-types@7.16.0:
    resolution: {
      integrity: sha512-Zz+aZWSj8LE6zoxD+xrjh4VfkIG8Ya6LvYkZqtUQGJPZjYl53ypCaUwWqo7eI0x66KBGeRo+mlBEkMSeSZ38Nw==,
    }

  undici@7.16.0:
    resolution: {
      integrity: sha512-QEg3HPMll0o3t2ourKwOeUAZ159Kn9mx5pnzHRQO8+Wixmh88YdZRiIwat0iNzNNXn0yoEtXJqFpyW7eM8BV7g==,
    }
    engines: { node: ">=20.18.1" }

  yaml@2.8.2:
    resolution: {
      integrity: sha512-mplynKqc1C2hTVYxd0PU2xQAc22TI1vShAYGksCCfxbn/dFwnHTNi1bvYsBTkhdUNtGIf5xNOg938rrSSYvS9A==,
    }
    engines: { node: ">= 14.6" }
    hasBin: true

snapshots:
  "@leichtgewicht/ip-codec@2.0.5": {}

  "@masx200/dns-over-https-node@1.0.0":
    dependencies:
      "@types/node": 25.0.3
      base64url: 3.0.1
      dns-packet: 5.6.1
      undici: 7.16.0

  "@types/node@25.0.3":
    dependencies:
      undici-types: 7.16.0

  argparse@2.0.1: {}

  base64url@3.0.1: {}

  cookie@1.1.1: {}

  dns-packet@5.6.1:
    dependencies:
      "@leichtgewicht/ip-codec": 2.0.5

  ipify@7.0.0: {}

  js-yaml@4.1.1:
    dependencies:
      argparse: 2.0.1

  undici-types@7.16.0: {}

  undici@7.16.0: {}

  yaml@2.8.2: {}
